// !$*UTF8*$!
{
	archiveVersion = 1;
	classes = {
	};
	objectVersion = 50;
	objects = {

/* Begin PBXBuildFile section */
		240A9CE8233C4768003B8C9A /* AppDelegate.m in Sources */ = {isa = PBXBuildFile; fileRef = 240A9CE7233C4768003B8C9A /* AppDelegate.m */; };
		240A9CEB233C4768003B8C9A /* SceneDelegate.m in Sources */ = {isa = PBXBuildFile; fileRef = 240A9CEA233C4768003B8C9A /* SceneDelegate.m */; };
		240A9CEE233C4768003B8C9A /* ViewController.m in Sources */ = {isa = PBXBuildFile; fileRef = 240A9CED233C4768003B8C9A /* ViewController.m */; };
		240A9CF1233C4768003B8C9A /* Main.storyboard in Resources */ = {isa = PBXBuildFile; fileRef = 240A9CEF233C4768003B8C9A /* Main.storyboard */; };
		240A9CF3233C4769003B8C9A /* Assets.xcassets in Resources */ = {isa = PBXBuildFile; fileRef = 240A9CF2233C4769003B8C9A /* Assets.xcassets */; };
		240A9CF6233C4769003B8C9A /* LaunchScreen.storyboard in Resources */ = {isa = PBXBuildFile; fileRef = 240A9CF4233C4769003B8C9A /* LaunchScreen.storyboard */; };
		240A9CF9233C4769003B8C9A /* main.m in Sources */ = {isa = PBXBuildFile; fileRef = 240A9CF8233C4769003B8C9A /* main.m */; };
/* End PBXBuildFile section */

/* Begin PBXFileReference section */
		240A9CE3233C4768003B8C9A /* SortAlgorithm.app */ = {isa = PBXFileReference; explicitFileType = wrapper.application; includeInIndex = 0; path = SortAlgorithm.app; sourceTree = BUILT_PRODUCTS_DIR; };
		240A9CE6233C4768003B8C9A /* AppDelegate.h */ = {isa = PBXFileReference; lastKnownFileType = sourcecode.c.h; path = AppDelegate.h; sourceTree = "<group>"; };
		240A9CE7233C4768003B8C9A /* AppDelegate.m */ = {isa = PBXFileReference; lastKnownFileType = sourcecode.c.objc; path = AppDelegate.m; sourceTree = "<group>"; };
		240A9CE9233C4768003B8C9A /* SceneDelegate.h */ = {isa = PBXFileReference; lastKnownFileType = sourcecode.c.h; path = SceneDelegate.h; sourceTree = "<group>"; };
		240A9CEA233C4768003B8C9A /* SceneDelegate.m */ = {isa = PBXFileReference; lastKnownFileType = sourcecode.c.objc; path = SceneDelegate.m; sourceTree = "<group>"; };
		240A9CEC233C4768003B8C9A /* ViewController.h */ = {isa = PBXFileReference; lastKnownFileType = sourcecode.c.h; path = ViewController.h; sourceTree = "<group>"; };
		240A9CED233C4768003B8C9A /* ViewController.m */ = {isa = PBXFileReference; lastKnownFileType = sourcecode.c.objc; path = ViewController.m; sourceTree = "<group>"; };
		240A9CF0233C4768003B8C9A /* Base */ = {isa = PBXFileReference; lastKnownFileType = file.storyboard; name = Base; path = Base.lproj/Main.storyboard; sourceTree = "<group>"; };
		240A9CF2233C4769003B8C9A /* Assets.xcassets */ = {isa = PBXFileReference; lastKnownFileType = folder.assetcatalog; path = Assets.xcassets; sourceTree = "<group>"; };
		240A9CF5233C4769003B8C9A /* Base */ = {isa = PBXFileReference; lastKnownFileType = file.storyboard; name = Base; path = Base.lproj/LaunchScreen.storyboard; sourceTree = "<group>"; };
		240A9CF7233C4769003B8C9A /* Info.plist */ = {isa = PBXFileReference; lastKnownFileType = text.plist.xml; path = Info.plist; sourceTree = "<group>"; };
		240A9CF8233C4769003B8C9A /* main.m */ = {isa = PBXFileReference; lastKnownFileType = sourcecode.c.objc; path = main.m; sourceTree = "<group>"; };
/* End PBXFileReference section */

/* Begin PBXFrameworksBuildPhase section */
		240A9CE0233C4768003B8C9A /* Frameworks */ = {
			isa = PBXFrameworksBuildPhase;
			buildActionMask = 2147483647;
			files = (
			);
			runOnlyForDeploymentPostprocessing = 0;
		};
/* End PBXFrameworksBuildPhase section */

/* Begin PBXGroup section */
		240A9CDA233C4768003B8C9A = {
			isa = PBXGroup;
			children = (
				240A9CE5233C4768003B8C9A /* SortAlgorithm */,
				240A9CE4233C4768003B8C9A /* Products */,
			);
			sourceTree = "<group>";
		};
		240A9CE4233C4768003B8C9A /* Products */ = {
			isa = PBXGroup;
			children = (
				240A9CE3233C4768003B8C9A /* SortAlgorithm.app */,
			);
			name = Products;
			sourceTree = "<group>";
		};
		240A9CE5233C4768003B8C9A /* SortAlgorithm */ = {
			isa = PBXGroup;
			children = (
				240A9CE6233C4768003B8C9A /* AppDelegate.h */,
				240A9CE7233C4768003B8C9A /* AppDelegate.m */,
				240A9CE9233C4768003B8C9A /* SceneDelegate.h */,
				240A9CEA233C4768003B8C9A /* SceneDelegate.m */,
				240A9CEC233C4768003B8C9A /* ViewController.h */,
				240A9CED233C4768003B8C9A /* ViewController.m */,
				240A9CEF233C4768003B8C9A /* Main.storyboard */,
				240A9CF2233C4769003B8C9A /* Assets.xcassets */,
				240A9CF4233C4769003B8C9A /* LaunchScreen.storyboard */,
				240A9CF7233C4769003B8C9A /* Info.plist */,
				240A9CF8233C4769003B8C9A /* main.m */,
			);
			path = SortAlgorithm;
			sourceTree = "<group>";
		};
/* End PBXGroup section */

/* Begin PBXNativeTarget section */
		240A9CE2233C4768003B8C9A /* SortAlgorithm */ = {
			isa = PBXNativeTarget;
			buildConfigurationList = 240A9CFC233C4769003B8C9A /* Build configuration list for PBXNativeTarget "SortAlgorithm" */;
			buildPhases = (
				240A9CDF233C4768003B8C9A /* Sources */,
				240A9CE0233C4768003B8C9A /* Frameworks */,
				240A9CE1233C4768003B8C9A /* Resources */,
			);
			buildRules = (
			);
			dependencies = (
			);
			name = SortAlgorithm;
			productName = SortAlgorithm;
			productReference = 240A9CE3233C4768003B8C9A /* SortAlgorithm.app */;
			productType = "com.apple.product-type.application";
		};
/* End PBXNativeTarget section */

/* Begin PBXProject section */
		240A9CDB233C4768003B8C9A /* Project object */ = {
			isa = PBXProject;
			attributes = {
				LastUpgradeCheck = 1100;
				ORGANIZATIONNAME = "贾远潮";
				TargetAttributes = {
					240A9CE2233C4768003B8C9A = {
						CreatedOnToolsVersion = 11.0;
					};
				};
			};
			buildConfigurationList = 240A9CDE233C4768003B8C9A /* Build configuration list for PBXProject "SortAlgorithm" */;
			compatibilityVersion = "Xcode 9.3";
			developmentRegion = en;
			hasScannedForEncodings = 0;
			knownRegions = (
				en,
				Base,
			);
			mainGroup = 240A9CDA233C4768003B8C9A;
			productRefGroup = 240A9CE4233C4768003B8C9A /* Products */;
			projectDirPath = "";
			projectRoot = "";
			targets = (
				240A9CE2233C4768003B8C9A /* SortAlgorithm */,
			);
		};
/* End PBXProject section */

/* Begin PBXResourcesBuildPhase section */
		240A9CE1233C4768003B8C9A /* Resources */ = {
			isa = PBXResourcesBuildPhase;
			buildActionMask = 2147483647;
			files = (
				240A9CF6233C4769003B8C9A /* LaunchScreen.storyboard in Resources */,
				240A9CF3233C4769003B8C9A /* Assets.xcassets in Resources */,
				240A9CF1233C4768003B8C9A /* Main.storyboard in Resources */,
			);
			runOnlyForDeploymentPostprocessing = 0;
		};
/* End PBXResourcesBuildPhase section */

/* Begin PBXSourcesBuildPhase section */
		240A9CDF233C4768003B8C9A /* Sources */ = {
			isa = PBXSourcesBuildPhase;
			buildActionMask = 2147483647;
			files = (
				240A9CEE233C4768003B8C9A /* ViewController.m in Sources */,
				240A9CE8233C4768003B8C9A /* AppDelegate.m in Sources */,
				240A9CF9233C4769003B8C9A /* main.m in Sources */,
				240A9CEB233C4768003B8C9A /* SceneDelegate.m in Sources */,
			);
			runOnlyForDeploymentPostprocessing = 0;
		};
/* End PBXSourcesBuildPhase section */

/* Begin PBXVariantGroup section */
		240A9CEF233C4768003B8C9A /* Main.storyboard */ = {
			isa = PBXVariantGroup;
			children = (
				240A9CF0233C4768003B8C9A /* Base */,
			);
			name = Main.storyboard;
			sourceTree = "<group>";
		};
		240A9CF4233C4769003B8C9A /* LaunchScreen.storyboard */ = {
			isa = PBXVariantGroup;
			children = (
				240A9CF5233C4769003B8C9A /* Base */,
			);
			name = LaunchScreen.storyboard;
			sourceTree = "<group>";
		};
/* End PBXVariantGroup section */

/* Begin XCBuildConfiguration section */
		240A9CFA233C4769003B8C9A /* Debug */ = {
			isa = XCBuildConfiguration;
			buildSettings = {
				ALWAYS_SEARCH_USER_PATHS = NO;
				CLANG_ANALYZER_NONNULL = YES;
				CLANG_ANALYZER_NUMBER_OBJECT_CONVERSION = YES_AGGRESSIVE;
				CLANG_CXX_LANGUAGE_STANDARD = "gnu++14";
				CLANG_CXX_LIBRARY = "libc++";
				CLANG_ENABLE_MODULES = YES;
				CLANG_ENABLE_OBJC_ARC = YES;
				CLANG_ENABLE_OBJC_WEAK = YES;
				CLANG_WARN_BLOCK_CAPTURE_AUTORELEASING = YES;
				CLANG_WARN_BOOL_CONVERSION = YES;
				CLANG_WARN_COMMA = YES;
				CLANG_WARN_CONSTANT_CONVERSION = YES;
				CLANG_WARN_DEPRECATED_OBJC_IMPLEMENTATIONS = YES;
				CLANG_WARN_DIRECT_OBJC_ISA_USAGE = YES_ERROR;
				CLANG_WARN_DOCUMENTATION_COMMENTS = YES;
				CLANG_WARN_EMPTY_BODY = YES;
				CLANG_WARN_ENUM_CONVERSION = YES;
				CLANG_WARN_INFINITE_RECURSION = YES;
				CLANG_WARN_INT_CONVERSION = YES;
				CLANG_WARN_NON_LITERAL_NULL_CONVERSION = YES;
				CLANG_WARN_OBJC_IMPLICIT_RETAIN_SELF = YES;
				CLANG_WARN_OBJC_LITERAL_CONVERSION = YES;
				CLANG_WARN_OBJC_ROOT_CLASS = YES_ERROR;
				CLANG_WARN_RANGE_LOOP_ANALYSIS = YES;
				CLANG_WARN_STRICT_PROTOTYPES = YES;
				CLANG_WARN_SUSPICIOUS_MOVE = YES;
				CLANG_WARN_UNGUARDED_AVAILABILITY = YES_AGGRESSIVE;
				CLANG_WARN_UNREACHABLE_CODE = YES;
				CLANG_WARN__DUPLICATE_METHOD_MATCH = YES;
				COPY_PHASE_STRIP = NO;
				DEBUG_INFORMATION_FORMAT = dwarf;
				ENABLE_STRICT_OBJC_MSGSEND = YES;
				ENABLE_TESTABILITY = YES;
				GCC_C_LANGUAGE_STANDARD = gnu11;
				GCC_DYNAMIC_NO_PIC = NO;
				GCC_NO_COMMON_BLOCKS = YES;
				GCC_OPTIMIZATION_LEVEL = 0;
				GCC_PREPROCESSOR_DEFINITIONS = (
					"DEBUG=1",
					"$(inherited)",
				);
				GCC_WARN_64_TO_32_BIT_CONVERSION = YES;
				GCC_WARN_ABOUT_RETURN_TYPE = YES_ERROR;
				GCC_WARN_UNDECLARED_SELECTOR = YES;
				GCC_WARN_UNINITIALIZED_AUTOS = YES_AGGRESSIVE;
				GCC_WARN_UNUSED_FUNCTION = YES;
				GCC_WARN_UNUSED_VARIABLE = YES;
				IPHONEOS_DEPLOYMENT_TARGET = 13.0;
				MTL_ENABLE_DEBUG_INFO = INCLUDE_SOURCE;
				MTL_FAST_MATH = YES;
				ONLY_ACTIVE_ARCH = YES;
				SDKROOT = iphoneos;
			};
			name = Debug;
		};
		240A9CFB233C4769003B8C9A /* Release */ = {
			isa = XCBuildConfiguration;
			buildSettings = {
				ALWAYS_SEARCH_USER_PATHS = NO;
				CLANG_ANALYZER_NONNULL = YES;
				CLANG_ANALYZER_NUMBER_OBJECT_CONVERSION = YES_AGGRESSIVE;
				CLANG_CXX_LANGUAGE_STANDARD = "gnu++14";
				CLANG_CXX_LIBRARY = "libc++";
				CLANG_ENABLE_MODULES = YES;
				CLANG_ENABLE_OBJC_ARC = YES;
				CLANG_ENABLE_OBJC_WEAK = YES;
				CLANG_WARN_BLOCK_CAPTURE_AUTORELEASING = YES;
				CLANG_WARN_BOOL_CONVERSION = YES;
				CLANG_WARN_COMMA = YES;
				CLANG_WARN_CONSTANT_CONVERSION = YES;
				CLANG_WARN_DEPRECATED_OBJC_IMPLEMENTATIONS = YES;
				CLANG_WARN_DIRECT_OBJC_ISA_USAGE = YES_ERROR;
				CLANG_WARN_DOCUMENTATION_COMMENTS = YES;
				CLANG_WARN_EMPTY_BODY = YES;
				CLANG_WARN_ENUM_CONVERSION = YES;
				CLANG_WARN_INFINITE_RECURSION = YES;
				CLANG_WARN_INT_CONVERSION = YES;
				CLANG_WARN_NON_LITERAL_NULL_CONVERSION = YES;
				CLANG_WARN_OBJC_IMPLICIT_RETAIN_SELF = YES;
				CLANG_WARN_OBJC_LITERAL_CONVERSION = YES;
				CLANG_WARN_OBJC_ROOT_CLASS = YES_ERROR;
				CLANG_WARN_RANGE_LOOP_ANALYSIS = YES;
				CLANG_WARN_STRICT_PROTOTYPES = YES;
				CLANG_WARN_SUSPICIOUS_MOVE = YES;
				CLANG_WARN_UNGUARDED_AVAILABILITY = YES_AGGRESSIVE;
				CLANG_WARN_UNREACHABLE_CODE = YES;
				CLANG_WARN__DUPLICATE_METHOD_MATCH = YES;
				COPY_PHASE_STRIP = NO;
				DEBUG_INFORMATION_FORMAT = "dwarf-with-dsym";
				ENABLE_NS_ASSERTIONS = NO;
				ENABLE_STRICT_OBJC_MSGSEND = YES;
				GCC_C_LANGUAGE_STANDARD = gnu11;
				GCC_NO_COMMON_BLOCKS = YES;
				GCC_WARN_64_TO_32_BIT_CONVERSION = YES;
				GCC_WARN_ABOUT_RETURN_TYPE = YES_ERROR;
				GCC_WARN_UNDECLARED_SELECTOR = YES;
				GCC_WARN_UNINITIALIZED_AUTOS = YES_AGGRESSIVE;
				GCC_WARN_UNUSED_FUNCTION = YES;
				GCC_WARN_UNUSED_VARIABLE = YES;
				IPHONEOS_DEPLOYMENT_TARGET = 13.0;
				MTL_ENABLE_DEBUG_INFO = NO;
				MTL_FAST_MATH = YES;
				SDKROOT = iphoneos;
				VALIDATE_PRODUCT = YES;
			};
			name = Release;
		};
		240A9CFD233C4769003B8C9A /* Debug */ = {
			isa = XCBuildConfiguration;
			buildSettings = {
				ASSETCATALOG_COMPILER_APPICON_NAME = AppIcon;
				CODE_SIGN_STYLE = Automatic;
				DEVELOPMENT_TEAM = P7GG5XWN9V;
				INFOPLIST_FILE = SortAlgorithm/Info.plist;
				LD_RUNPATH_SEARCH_PATHS = (
					"$(inherited)",
					"@executable_path/Frameworks",
				);
				PRODUCT_BUNDLE_IDENTIFIER = com.yuanchao.SortAlgorithm;
				PRODUCT_NAME = "$(TARGET_NAME)";
				TARGETED_DEVICE_FAMILY = "1,2";
			};
			name = Debug;
		};
		240A9CFE233C4769003B8C9A /* Release */ = {
			isa = XCBuildConfiguration;
			buildSettings = {
				ASSETCATALOG_COMPILER_APPICON_NAME = AppIcon;
				CODE_SIGN_STYLE = Automatic;
				DEVELOPMENT_TEAM = P7GG5XWN9V;
				INFOPLIST_FILE = SortAlgorithm/Info.plist;
				LD_RUNPATH_SEARCH_PATHS = (
					"$(inherited)",
					"@executable_path/Frameworks",
				);
				PRODUCT_BUNDLE_IDENTIFIER = com.yuanchao.SortAlgorithm;
				PRODUCT_NAME = "$(TARGET_NAME)";
				TARGETED_DEVICE_FAMILY = "1,2";
			};
			name = Release;
		};
/* End XCBuildConfiguration section */

/* Begin XCConfigurationList section */
		240A9CDE233C4768003B8C9A /* Build configuration list for PBXProject "SortAlgorithm" */ = {
			isa = XCConfigurationList;
			buildConfigurations = (
				240A9CFA233C4769003B8C9A /* Debug */,
				240A9CFB233C4769003B8C9A /* Release */,
			);
			defaultConfigurationIsVisible = 0;
			defaultConfigurationName = Release;
		};
		240A9CFC233C4769003B8C9A /* Build configuration list for PBXNativeTarget "SortAlgorithm" */ = {
			isa = XCConfigurationList;
			buildConfigurations = (
				240A9CFD233C4769003B8C9A /* Debug */,
				240A9CFE233C4769003B8C9A /* Release */,
			);
			defaultConfigurationIsVisible = 0;
			defaultConfigurationName = Release;
		};
/* End XCConfigurationList section */
	};
	rootObject = 240A9CDB233C4768003B8C9A /* Project object */;
}
